
Microsoft Visual Studio Solution File, Format Version 12.00
# Visual Studio Version 17
VisualStudioVersion = 17.6.33829.357
MinimumVisualStudioVersion = 10.0.40219.1
Project("{FAE04EC0-301F-11D3-BF4B-00C04F79EFBC}") = "Latin", "Latin\Latin.csproj", "{185B62A0-7A99-4EB1-8919-65C6AC2B0256}"
EndProject
Global
	GlobalSection(SolutionConfigurationPlatforms) = preSolution
		Debug|Any CPU = Debug|Any CPU
		Release|Any CPU = Release|Any CPU
	EndGlobalSection
	GlobalSection(ProjectConfigurationPlatforms) = postSolution
		{185B62A0-7A99-4EB1-8919-65C6AC2B0256}.Debug|Any CPU.ActiveCfg = Debug|Any CPU
		{185B62A0-7A99-4EB1-8919-65C6AC2B0256}.Debug|Any CPU.Build.0 = Debug|Any CPU
		{185B62A0-7A99-4EB1-8919-65C6AC2B0256}.Release|Any CPU.ActiveCfg = Release|Any CPU
		{185B62A0-7A99-4EB1-8919-65C6AC2B0256}.Release|Any CPU.Build.0 = Release|Any CPU
	EndGlobalSection
	GlobalSection(SolutionProperties) = preSolution
		HideSolutionNode = FALSE
	EndGlobalSection
	GlobalSection(ExtensibilityGlobals) = postSolution
		SolutionGuid = {B79C1CBE-0D96-4E4D-8D6E-A34DBCA478A9}
	EndGlobalSection
EndGlobal
